{
    "name": "modulentwicklung",
    "version": "1.0.0",
    "lockfileVersion": 3,
    "requires": true,
    "packages": {
        "": {
            "name": "modulentwicklung",
            "version": "1.0.0",
            "license": "MIT",
            "dependencies": {
                "modulentwicklung": "file:modulentwicklung-1.0.0.tgz"
            }
        },
        "node_modules/modulentwicklung": {
            "version": "1.0.0",
            "resolved": "file:modulentwicklung-1.0.0.tgz",
            "integrity": "sha512-Joj5d5lMDFH03HZRcUf9oXbVzDetxYZrP+l7FPkf7vd10giJMw02LEA2ugTNvUCh7sdfMC2Cmfxv3yE6kP2ZAg==",
            "license": "MIT"
        }
    }
}
