{
  "name": "tag_07_uebung",
  "version": "1.0.0",
  "lockfileVersion": 3,
  "requires": true,
  "packages": {
    "": {
      "name": "tag_07_uebung",
      "version": "1.0.0",
      "license": "MIT",
      "dependencies": {
        "01_random_numbers": "https://raw.githubusercontent.com/AlphaTrainee/NodeJS/refs/heads/main/modules/01_random_numbers/01_random_numbers-1.0.0.tgz"
      }
    },
    "node_modules/01_random_numbers": {
      "version": "1.0.0",
      "resolved": "https://raw.githubusercontent.com/AlphaTrainee/NodeJS/refs/heads/main/modules/01_random_numbers/01_random_numbers-1.0.0.tgz",
      "integrity": "sha512-yggJPHdEOMiMDX9gk8RWXuFns4ndxMw/dyTtsYJhrgq+N25EMMNJqU50ZQ4rqP3rJo5NhO1HE8zlxAv9c1ydAQ==",
      "license": "MIT"
    }
  }
}
