{
  "name": "01_random_numbers",
  "version": "1.0.0",
  "lockfileVersion": 3,
  "requires": true,
  "packages": {
    "": {
      "name": "01_random_numbers",
      "version": "1.0.0",
      "license": "MIT",
      "dependencies": {
        "01_random_numbers": "https://raw.githubusercontent.com/AlphaTrainee/NodeJS/refs/heads/main/modules/01_random_numbers/01_random_numbers-1.0.0.tgz"
      }
    },
    "node_modules/01_random_numbers": {
      "version": "1.0.0",
      "resolved": "https://raw.githubusercontent.com/AlphaTrainee/NodeJS/refs/heads/main/modules/01_random_numbers/01_random_numbers-1.0.0.tgz",
      "integrity": "sha512-sI71ili+HLr6at6B49yPW00mEAzAYYpTQKGXr2kesgdz3xhFZo7oNd46dzf3+PjRFpqMQxArWnMu7j3NIpb2wQ==",
      "license": "MIT"
    }
  }
}
